
Microsoft Visual Studio Solution File, Format Version 12.00
# Visual Studio Version 16
VisualStudioVersion = 16.0.32929.386
MinimumVisualStudioVersion = 10.0.40219.1
Project("{FAE04EC0-301F-11D3-BF4B-00C04F79EFBC}") = "ToDo.Service", "ToDoApp\ToDo.Service.csproj", "{0A5E2A19-4CBE-4EE3-8A2D-4E4AEF59FD0B}"
EndProject
Project("{9A19103F-16F7-4668-BE54-9A1E7A4F7556}") = "ToDo.DataLayer", "ToDo.DataLayer\ToDo.DataLayer.csproj", "{3D3ADCB0-CE78-4A23-8F9C-867D9B488758}"
EndProject
Global
	GlobalSection(SolutionConfigurationPlatforms) = preSolution
		Debug|Any CPU = Debug|Any CPU
		Release|Any CPU = Release|Any CPU
	EndGlobalSection
	GlobalSection(ProjectConfigurationPlatforms) = postSolution
		{0A5E2A19-4CBE-4EE3-8A2D-4E4AEF59FD0B}.Debug|Any CPU.ActiveCfg = Debug|Any CPU
		{0A5E2A19-4CBE-4EE3-8A2D-4E4AEF59FD0B}.Debug|Any CPU.Build.0 = Debug|Any CPU
		{0A5E2A19-4CBE-4EE3-8A2D-4E4AEF59FD0B}.Release|Any CPU.ActiveCfg = Release|Any CPU
		{0A5E2A19-4CBE-4EE3-8A2D-4E4AEF59FD0B}.Release|Any CPU.Build.0 = Release|Any CPU
		{3D3ADCB0-CE78-4A23-8F9C-867D9B488758}.Debug|Any CPU.ActiveCfg = Debug|Any CPU
		{3D3ADCB0-CE78-4A23-8F9C-867D9B488758}.Debug|Any CPU.Build.0 = Debug|Any CPU
		{3D3ADCB0-CE78-4A23-8F9C-867D9B488758}.Release|Any CPU.ActiveCfg = Release|Any CPU
		{3D3ADCB0-CE78-4A23-8F9C-867D9B488758}.Release|Any CPU.Build.0 = Release|Any CPU
	EndGlobalSection
	GlobalSection(SolutionProperties) = preSolution
		HideSolutionNode = FALSE
	EndGlobalSection
	GlobalSection(ExtensibilityGlobals) = postSolution
		SolutionGuid = {42B53F2E-50DD-4B4B-956E-31D86A0D2EF2}
	EndGlobalSection
EndGlobal
